{
  "name": "minify-javascript-for-production",
  "version": "1.0.0",
  "lockfileVersion": 1,
  "requires": true,
  "dependencies": {
    "buffer-from": {
      "version": "1.1.1",
      "resolved": "https://registry.npm.taobao.org/buffer-from/download/buffer-from-1.1.1.tgz",
      "integrity": "sha1-MnE7wCj3XAL9txDXx7zsHyxgcO8="
    },
    "commander": {
      "version": "2.20.3",
      "resolved": "https://registry.npm.taobao.org/commander/download/commander-2.20.3.tgz?cache=0&sync_timestamp=1610702191685&other_urls=https%3A%2F%2Fregistry.npm.taobao.org%2Fcommander%2Fdownload%2Fcommander-2.20.3.tgz",
      "integrity": "sha1-/UhehMA+tIgcIHIrpIA16FMa6zM="
    },
    "source-map": {
      "version": "0.7.3",
      "resolved": "https://registry.npm.taobao.org/source-map/download/source-map-0.7.3.tgz",
      "integrity": "sha1-UwL4FpAxc1ImVECS5kmB91F1A4M="
    },
    "source-map-support": {
      "version": "0.5.19",
      "resolved": "https://registry.npm.taobao.org/source-map-support/download/source-map-support-0.5.19.tgz?cache=0&sync_timestamp=1587719493563&other_urls=https%3A%2F%2Fregistry.npm.taobao.org%2Fsource-map-support%2Fdownload%2Fsource-map-support-0.5.19.tgz",
      "integrity": "sha1-qYti+G3K9PZzmWSMCFKRq56P7WE=",
      "requires": {
        "buffer-from": "^1.0.0",
        "source-map": "^0.6.0"
      },
      "dependencies": {
        "source-map": {
          "version": "0.6.1",
          "resolved": "https://registry.npm.taobao.org/source-map/download/source-map-0.6.1.tgz",
          "integrity": "sha1-dHIq8y6WFOnCh6jQu95IteLxomM="
        }
      }
    },
    "terser": {
      "version": "5.6.0-beta",
      "resolved": "https://registry.npm.taobao.org/terser/download/terser-5.6.0-beta.tgz?cache=0&sync_timestamp=1612483237961&other_urls=https%3A%2F%2Fregistry.npm.taobao.org%2Fterser%2Fdownload%2Fterser-5.6.0-beta.tgz",
      "integrity": "sha1-JrH8+7TM4bheta/UNeWjW23RrI4=",
      "requires": {
        "commander": "^2.20.0",
        "source-map": "~0.7.2",
        "source-map-support": "~0.5.19"
      }
    }
  }
}
